
Microsoft Visual Studio Solution File, Format Version 12.00
# Visual Studio Version 17
VisualStudioVersion = 17.9.34902.65
MinimumVisualStudioVersion = 10.0.40219.1
Project("{9A19103F-16F7-4668-BE54-9A1E7A4F7556}") = "CRUDExample", "CRUDExample\CRUDExample.csproj", "{F4F7022C-A51B-4E25-A2B6-50CF12636C77}"
EndProject
Project("{9A19103F-16F7-4668-BE54-9A1E7A4F7556}") = "CRUDTests", "CRUDTests\CRUDTests.csproj", "{4EF721C5-B2BB-4955-AE91-F92F4D54F42A}"
EndProject
Project("{FAE04EC0-301F-11D3-BF4B-00C04F79EFBC}") = "Entities", "Entities\Entities.csproj", "{7DBDEE59-4AB4-4779-ACD8-D07D301C29B0}"
EndProject
Project("{FAE04EC0-301F-11D3-BF4B-00C04F79EFBC}") = "ServiceContracts", "ServiceContracts\ServiceContracts.csproj", "{9FEA5507-0C00-4744-ABE0-AAA005D55CB3}"
EndProject
Project("{FAE04EC0-301F-11D3-BF4B-00C04F79EFBC}") = "Services", "Services\Services.csproj", "{09E2353E-FA43-4988-97B0-76B9E2918EDB}"
EndProject
Global
	GlobalSection(SolutionConfigurationPlatforms) = preSolution
		Debug|Any CPU = Debug|Any CPU
		Release|Any CPU = Release|Any CPU
	EndGlobalSection
	GlobalSection(ProjectConfigurationPlatforms) = postSolution
		{F4F7022C-A51B-4E25-A2B6-50CF12636C77}.Debug|Any CPU.ActiveCfg = Debug|Any CPU
		{F4F7022C-A51B-4E25-A2B6-50CF12636C77}.Debug|Any CPU.Build.0 = Debug|Any CPU
		{F4F7022C-A51B-4E25-A2B6-50CF12636C77}.Release|Any CPU.ActiveCfg = Release|Any CPU
		{F4F7022C-A51B-4E25-A2B6-50CF12636C77}.Release|Any CPU.Build.0 = Release|Any CPU
		{4EF721C5-B2BB-4955-AE91-F92F4D54F42A}.Debug|Any CPU.ActiveCfg = Debug|Any CPU
		{4EF721C5-B2BB-4955-AE91-F92F4D54F42A}.Debug|Any CPU.Build.0 = Debug|Any CPU
		{4EF721C5-B2BB-4955-AE91-F92F4D54F42A}.Release|Any CPU.ActiveCfg = Release|Any CPU
		{4EF721C5-B2BB-4955-AE91-F92F4D54F42A}.Release|Any CPU.Build.0 = Release|Any CPU
		{7DBDEE59-4AB4-4779-ACD8-D07D301C29B0}.Debug|Any CPU.ActiveCfg = Debug|Any CPU
		{7DBDEE59-4AB4-4779-ACD8-D07D301C29B0}.Debug|Any CPU.Build.0 = Debug|Any CPU
		{7DBDEE59-4AB4-4779-ACD8-D07D301C29B0}.Release|Any CPU.ActiveCfg = Release|Any CPU
		{7DBDEE59-4AB4-4779-ACD8-D07D301C29B0}.Release|Any CPU.Build.0 = Release|Any CPU
		{9FEA5507-0C00-4744-ABE0-AAA005D55CB3}.Debug|Any CPU.ActiveCfg = Debug|Any CPU
		{9FEA5507-0C00-4744-ABE0-AAA005D55CB3}.Debug|Any CPU.Build.0 = Debug|Any CPU
		{9FEA5507-0C00-4744-ABE0-AAA005D55CB3}.Release|Any CPU.ActiveCfg = Release|Any CPU
		{9FEA5507-0C00-4744-ABE0-AAA005D55CB3}.Release|Any CPU.Build.0 = Release|Any CPU
		{09E2353E-FA43-4988-97B0-76B9E2918EDB}.Debug|Any CPU.ActiveCfg = Debug|Any CPU
		{09E2353E-FA43-4988-97B0-76B9E2918EDB}.Debug|Any CPU.Build.0 = Debug|Any CPU
		{09E2353E-FA43-4988-97B0-76B9E2918EDB}.Release|Any CPU.ActiveCfg = Release|Any CPU
		{09E2353E-FA43-4988-97B0-76B9E2918EDB}.Release|Any CPU.Build.0 = Release|Any CPU
	EndGlobalSection
	GlobalSection(SolutionProperties) = preSolution
		HideSolutionNode = FALSE
	EndGlobalSection
	GlobalSection(ExtensibilityGlobals) = postSolution
		SolutionGuid = {CEACB2F0-1C21-48BA-9629-185F4E24399D}
	EndGlobalSection
EndGlobal
